
Microsoft Visual Studio Solution File, Format Version 12.00
# Visual Studio Version 16
VisualStudioVersion = 16.0.31402.337
MinimumVisualStudioVersion = 10.0.40219.1
Project("{FAE04EC0-301F-11D3-BF4B-00C04F79EFBC}") = "05 - Manual - Exercise 01", "05 - Manual - Exercise 01\05 - Manual - Exercise 01.csproj", "{A17204E8-DF5C-460A-A67F-D883EC548B8F}"
EndProject
Global
	GlobalSection(SolutionConfigurationPlatforms) = preSolution
		Debug|Any CPU = Debug|Any CPU
		Release|Any CPU = Release|Any CPU
	EndGlobalSection
	GlobalSection(ProjectConfigurationPlatforms) = postSolution
		{A17204E8-DF5C-460A-A67F-D883EC548B8F}.Debug|Any CPU.ActiveCfg = Debug|Any CPU
		{A17204E8-DF5C-460A-A67F-D883EC548B8F}.Debug|Any CPU.Build.0 = Debug|Any CPU
		{A17204E8-DF5C-460A-A67F-D883EC548B8F}.Release|Any CPU.ActiveCfg = Release|Any CPU
		{A17204E8-DF5C-460A-A67F-D883EC548B8F}.Release|Any CPU.Build.0 = Release|Any CPU
	EndGlobalSection
	GlobalSection(SolutionProperties) = preSolution
		HideSolutionNode = FALSE
	EndGlobalSection
	GlobalSection(ExtensibilityGlobals) = postSolution
		SolutionGuid = {0FCFE0C4-04B0-495E-ABFF-66C5D3C5E4FF}
	EndGlobalSection
EndGlobal
